
Microsoft Visual Studio Solution File, Format Version 12.00
# Visual Studio 15
VisualStudioVersion = 15.0.27130.2024
MinimumVisualStudioVersion = 10.0.40219.1
Project("{2150E333-8FDC-42A3-9474-1A3956D46DE8}") = "CatapultWars", "CatapultWars", "{F488D40F-23BF-4ECF-A4AD-835AE7658C2E}"
EndProject
Project("{8BC9CEB8-8B4A-11D0-8D11-00A0C91BC942}") = "CatapultWars.UWP", "CatapultWars\CatapultWars.UWP\CatapultWars.UWP.vcxproj", "{21AACDCF-D0F5-492D-BD04-1526F82A7AAA}"
EndProject
Global
	GlobalSection(SolutionConfigurationPlatforms) = preSolution
		Debug|ARM = Debug|ARM
		Debug|Win32 = Debug|Win32
		Debug|x64 = Debug|x64
		Release|ARM = Release|ARM
		Release|Win32 = Release|Win32
		Release|x64 = Release|x64
	EndGlobalSection
	GlobalSection(ProjectConfigurationPlatforms) = postSolution
		{21AACDCF-D0F5-492D-BD04-1526F82A7AAA}.Debug|ARM.ActiveCfg = Debug|ARM
		{21AACDCF-D0F5-492D-BD04-1526F82A7AAA}.Debug|ARM.Build.0 = Debug|ARM
		{21AACDCF-D0F5-492D-BD04-1526F82A7AAA}.Debug|ARM.Deploy.0 = Debug|ARM
		{21AACDCF-D0F5-492D-BD04-1526F82A7AAA}.Debug|Win32.ActiveCfg = Debug|Win32
		{21AACDCF-D0F5-492D-BD04-1526F82A7AAA}.Debug|Win32.Build.0 = Debug|Win32
		{21AACDCF-D0F5-492D-BD04-1526F82A7AAA}.Debug|Win32.Deploy.0 = Debug|Win32
		{21AACDCF-D0F5-492D-BD04-1526F82A7AAA}.Debug|x64.ActiveCfg = Debug|x64
		{21AACDCF-D0F5-492D-BD04-1526F82A7AAA}.Debug|x64.Build.0 = Debug|x64
		{21AACDCF-D0F5-492D-BD04-1526F82A7AAA}.Debug|x64.Deploy.0 = Debug|x64
		{21AACDCF-D0F5-492D-BD04-1526F82A7AAA}.Release|ARM.ActiveCfg = Release|ARM
		{21AACDCF-D0F5-492D-BD04-1526F82A7AAA}.Release|ARM.Build.0 = Release|ARM
		{21AACDCF-D0F5-492D-BD04-1526F82A7AAA}.Release|ARM.Deploy.0 = Release|ARM
		{21AACDCF-D0F5-492D-BD04-1526F82A7AAA}.Release|Win32.ActiveCfg = Release|Win32
		{21AACDCF-D0F5-492D-BD04-1526F82A7AAA}.Release|Win32.Build.0 = Release|Win32
		{21AACDCF-D0F5-492D-BD04-1526F82A7AAA}.Release|Win32.Deploy.0 = Release|Win32
		{21AACDCF-D0F5-492D-BD04-1526F82A7AAA}.Release|x64.ActiveCfg = Release|x64
		{21AACDCF-D0F5-492D-BD04-1526F82A7AAA}.Release|x64.Build.0 = Release|x64
		{21AACDCF-D0F5-492D-BD04-1526F82A7AAA}.Release|x64.Deploy.0 = Release|x64
	EndGlobalSection
	GlobalSection(SolutionProperties) = preSolution
		HideSolutionNode = FALSE
	EndGlobalSection
	GlobalSection(NestedProjects) = preSolution
		{21AACDCF-D0F5-492D-BD04-1526F82A7AAA} = {F488D40F-23BF-4ECF-A4AD-835AE7658C2E}
	EndGlobalSection
	GlobalSection(ExtensibilityGlobals) = postSolution
		SolutionGuid = {B309EC57-03DF-4457-852C-5F8EDB4DE245}
	EndGlobalSection
EndGlobal
