<?xml version="1.0" encoding="utf-8"?>
<Project ToolsVersion="4.0" xmlns="http://schemas.microsoft.com/developer/msbuild/2003">
  <ItemGroup>
    <Filter Include="Common">
      <UniqueIdentifier>21aacdcf-d0f5-492d-bd04-1526f82a7aaa</UniqueIdentifier>
    </Filter>
    <Filter Include="Assets">
      <UniqueIdentifier>f8cd4fed-69ab-4af3-b25a-45dc063637aa</UniqueIdentifier>
      <Extensions>bmp;fbx;gif;jpg;jpeg;tga;tiff;tif;png</Extensions>
    </Filter>
    <Filter Include="Content">
      <UniqueIdentifier>c65300fa-d0fb-49ae-a105-4c1ba4d7351a</UniqueIdentifier>
    </Filter>
    <ClInclude Include="Common\DirectXHelper.h">
      <Filter>Common</Filter>
    </ClInclude>
    <ClInclude Include="Common\StepTimer.h">
      <Filter>Common</Filter>
    </ClInclude>
    <ClInclude Include="Common\DeviceResources.h">
      <Filter>Common</Filter>
    </ClInclude>
    <ClCompile Include="Common\DeviceResources.cpp">
      <Filter>Common</Filter>
    </ClCompile>
    <ClInclude Include="Content\Sample3DSceneRenderer.h">
      <Filter>Content</Filter>
    </ClInclude>
    <ClInclude Include="Content\SampleFpsTextRenderer.h">
      <Filter>Content</Filter>
    </ClInclude>
    <ClInclude Include="Content\ShaderStructures.h">
      <Filter>Content</Filter>
    </ClInclude>
    <ClCompile Include="Content\Sample3DSceneRenderer.cpp">
      <Filter>Content</Filter>
    </ClCompile>
    <ClCompile Include="Content\SampleFpsTextRenderer.cpp">
      <Filter>Content</Filter>
    </ClCompile>
    <FxCompile Include="Content\SamplePixelShader.hlsl">
      <Filter>Content</Filter>
    </FxCompile>
    <FxCompile Include="Content\SampleVertexShader.hlsl">
      <Filter>Content</Filter>
    </FxCompile>
    <Image Include="Assets\LockScreenLogo.scale-200.png">
      <Filter>Assets</Filter>
    </Image>
    <Image Include="Assets\SplashScreen.scale-200.png">
      <Filter>Assets</Filter>
    </Image>
    <Image Include="Assets\Square150x150Logo.scale-200.png">
      <Filter>Assets</Filter>
    </Image>
    <Image Include="Assets\Square44x44Logo.scale-200.png">
      <Filter>Assets</Filter>
    </Image>
    <Image Include="Assets\Square44x44Logo.targetsize-24_altform-unplated.png">
      <Filter>Assets</Filter>
    </Image>
    <Image Include="Assets\Wide310x150Logo.scale-200.png">
      <Filter>Assets</Filter>
    </Image>
    <Filter Include="Assets\Fonts">
      <UniqueIdentifier>{4db88787-60e3-4080-a5c6-d3aef8ee0a21}</UniqueIdentifier>
    </Filter>
    <Filter Include="Assets\Sounds">
      <UniqueIdentifier>{e4cfda24-acc2-4aaf-9e3f-2ef7715d453d}</UniqueIdentifier>
    </Filter>
    <Filter Include="Assets\Textures">
      <UniqueIdentifier>{55249281-0d8a-483f-9974-74412f0bebed}</UniqueIdentifier>
    </Filter>
    <Filter Include="Content\GameObjects">
      <UniqueIdentifier>{102f3b68-6791-4e62-b5be-2dafe038cecc}</UniqueIdentifier>
    </Filter>
  </ItemGroup>
  <ItemGroup>
    <ClCompile Include="App.cpp" />
    <ClCompile Include="pch.cpp" />
    <ClCompile Include="CatapultWarsMain.cpp" />
    <ClCompile Include="AI.cpp">
      <Filter>Content\GameObjects</Filter>
    </ClCompile>
    <ClCompile Include="Animation.cpp">
      <Filter>Content\GameObjects</Filter>
    </ClCompile>
    <ClCompile Include="Catapult.cpp">
      <Filter>Content\GameObjects</Filter>
    </ClCompile>
    <ClCompile Include="Human.cpp">
      <Filter>Content\GameObjects</Filter>
    </ClCompile>
    <ClCompile Include="Player.cpp">
      <Filter>Content\GameObjects</Filter>
    </ClCompile>
    <ClCompile Include="Projectile.cpp">
      <Filter>Content\GameObjects</Filter>
    </ClCompile>
    <ClCompile Include="AudioManager.cpp">
      <Filter>Content</Filter>
    </ClCompile>
  </ItemGroup>
  <ItemGroup>
    <ClInclude Include="App.h" />
    <ClInclude Include="pch.h" />
    <ClInclude Include="CatapultWarsMain.h" />
    <ClInclude Include="AI.h">
      <Filter>Content\GameObjects</Filter>
    </ClInclude>
    <ClInclude Include="Animation.h">
      <Filter>Content\GameObjects</Filter>
    </ClInclude>
    <ClInclude Include="Catapult.h">
      <Filter>Content\GameObjects</Filter>
    </ClInclude>
    <ClInclude Include="Human.h">
      <Filter>Content\GameObjects</Filter>
    </ClInclude>
    <ClInclude Include="Player.h">
      <Filter>Content\GameObjects</Filter>
    </ClInclude>
    <ClInclude Include="Projectile.h">
      <Filter>Content\GameObjects</Filter>
    </ClInclude>
    <ClInclude Include="AudioManager.h">
      <Filter>Content</Filter>
    </ClInclude>
  </ItemGroup>
  <ItemGroup>
    <Image Include="Assets\StoreLogo.png">
      <Filter>Assets</Filter>
    </Image>
    <Image Include="Assets\Textures\HUD\ammoType.DDS">
      <Filter>Assets\Textures</Filter>
    </Image>
    <Image Include="Assets\Textures\HUD\Arrow.DDS">
      <Filter>Assets\Textures</Filter>
    </Image>
    <Image Include="Assets\Textures\Backgrounds\blank.DDS">
      <Filter>Assets\Textures</Filter>
    </Image>
    <Image Include="Assets\Textures\Catapults\Blue\blueDestroyed\blueCatapult_destroyed.DDS">
      <Filter>Assets\Textures</Filter>
    </Image>
    <Image Include="Assets\Textures\Catapults\Blue\blueFire\blueCatapult_fire.DDS">
      <Filter>Assets\Textures</Filter>
    </Image>
    <Image Include="Assets\Textures\Catapults\Blue\bluePullback\blueCatapult_Pullback.DDS">
      <Filter>Assets\Textures</Filter>
    </Image>
    <Image Include="Assets\Textures\Catapults\Blue\blueIdle\blueIdle.DDS">
      <Filter>Assets\Textures</Filter>
    </Image>
    <Image Include="Assets\Textures\Backgrounds\cloud1.DDS">
      <Filter>Assets\Textures</Filter>
    </Image>
    <Image Include="Assets\Textures\Backgrounds\cloud2.DDS">
      <Filter>Assets\Textures</Filter>
    </Image>
    <Image Include="Assets\Textures\Catapults\Red\redFire\redCatapult_fire.DDS">
      <Filter>Assets\Textures</Filter>
    </Image>
    <Image Include="Assets\Textures\Catapults\Red\redDestroyed\redCatapult_destroyed.DDS">
      <Filter>Assets\Textures</Filter>
    </Image>
    <Image Include="Assets\Textures\Catapults\Red\redPullback\redCatapult_Pullback.DDS">
      <Filter>Assets\Textures</Filter>
    </Image>
    <Image Include="Assets\Textures\Catapults\Red\redIdle\redIdle.DDS">
      <Filter>Assets\Textures</Filter>
    </Image>
    <Image Include="Assets\Textures\Ammo\rock_ammo.DDS">
      <Filter>Assets\Textures</Filter>
    </Image>
    <Image Include="Assets\Textures\Backgrounds\sky.DDS">
      <Filter>Assets\Textures</Filter>
    </Image>
    <Image Include="Assets\Textures\Catapults\Hit_Smoke\smoke.DDS">
      <Filter>Assets\Textures</Filter>
    </Image>
    <Image Include="Assets\Textures\Backgrounds\title_screen.DDS">
      <Filter>Assets\Textures</Filter>
    </Image>
    <Image Include="Assets\Textures\Backgrounds\defeat.DDS">
      <Filter>Assets\Textures</Filter>
    </Image>
    <Image Include="Assets\Textures\Catapults\Fire_Miss\fire_miss.DDS">
      <Filter>Assets\Textures</Filter>
    </Image>
    <Image Include="Assets\Textures\Backgrounds\gameplay_screen.DDS">
      <Filter>Assets\Textures</Filter>
    </Image>
    <Image Include="Assets\Textures\HUD\hudBackground.DDS">
      <Filter>Assets\Textures</Filter>
    </Image>
    <Image Include="Assets\Textures\Backgrounds\instructions.DDS">
      <Filter>Assets\Textures</Filter>
    </Image>
    <Image Include="Assets\Textures\Backgrounds\mountain.DDS">
      <Filter>Assets\Textures</Filter>
    </Image>
    <Image Include="Assets\Textures\Backgrounds\victory.DDS">
      <Filter>Assets\Textures</Filter>
    </Image>
    <Image Include="Assets\Textures\HUD\windArrow.DDS">
      <Filter>Assets\Textures</Filter>
    </Image>
  </ItemGroup>
  <ItemGroup>
    <AppxManifest Include="Package.appxmanifest" />
  </ItemGroup>
  <ItemGroup>
    <None Include="CatapultWars.UWP_TemporaryKey.pfx" />
    <None Include="Assets\Fonts\TestHudFont.spritefont">
      <Filter>Assets\Fonts</Filter>
    </None>
    <None Include="Assets\Fonts\MenuFont.spritefont">
      <Filter>Assets\Fonts</Filter>
    </None>
    <None Include="Assets\Fonts\HUDFont.spritefont">
      <Filter>Assets\Fonts</Filter>
    </None>
  </ItemGroup>
  <ItemGroup>
    <Media Include="Assets\Sounds\BoulderHit.wav">
      <Filter>Assets\Sounds</Filter>
    </Media>
    <Media Include="Assets\Sounds\CatapultExplosion.wav">
      <Filter>Assets\Sounds</Filter>
    </Media>
    <Media Include="Assets\Sounds\CatapultFire.wav">
      <Filter>Assets\Sounds</Filter>
    </Media>
    <Media Include="Assets\Sounds\RopeStretch.wav">
      <Filter>Assets\Sounds</Filter>
    </Media>
    <Media Include="Assets\Sounds\Win.wav">
      <Filter>Assets\Sounds</Filter>
    </Media>
    <Media Include="Assets\Sounds\Lose.wav">
      <Filter>Assets\Sounds</Filter>
    </Media>
  </ItemGroup>
  <ItemGroup>
    <Xml Include="Assets\Textures\Catapults\AnimationsDef.xml">
      <Filter>Assets</Filter>
    </Xml>
  </ItemGroup>
</Project>